
Microsoft Visual Studio Solution File, Format Version 12.00
# Visual Studio Version 16
VisualStudioVersion = 16.0.31515.178
MinimumVisualStudioVersion = 10.0.40219.1
Project("{FAE04EC0-301F-11D3-BF4B-00C04F79EFBC}") = "Crypt", "Crypt\Crypt.csproj", "{8B2E1BB5-273E-4550-BA3E-F4054F543F62}"
EndProject
Global
	GlobalSection(SolutionConfigurationPlatforms) = preSolution
		Debug|Any CPU = Debug|Any CPU
		Release|Any CPU = Release|Any CPU
	EndGlobalSection
	GlobalSection(ProjectConfigurationPlatforms) = postSolution
		{8B2E1BB5-273E-4550-BA3E-F4054F543F62}.Debug|Any CPU.ActiveCfg = Debug|Any CPU
		{8B2E1BB5-273E-4550-BA3E-F4054F543F62}.Debug|Any CPU.Build.0 = Debug|Any CPU
		{8B2E1BB5-273E-4550-BA3E-F4054F543F62}.Release|Any CPU.ActiveCfg = Release|Any CPU
		{8B2E1BB5-273E-4550-BA3E-F4054F543F62}.Release|Any CPU.Build.0 = Release|Any CPU
	EndGlobalSection
	GlobalSection(SolutionProperties) = preSolution
		HideSolutionNode = FALSE
	EndGlobalSection
	GlobalSection(ExtensibilityGlobals) = postSolution
		SolutionGuid = {1FD97421-1C0B-4147-9992-AD4FF5EEAD55}
	EndGlobalSection
EndGlobal
